
Microsoft Visual Studio Solution File, Format Version 12.00
# Visual Studio Version 17
VisualStudioVersion = 17.10.34916.146
MinimumVisualStudioVersion = 10.0.40219.1
Project("{FAE04EC0-301F-11D3-BF4B-00C04F79EFBC}") = "ArizaKabulApp", "ArizaKabulApp\ArizaKabulApp.csproj", "{3DCE16F9-02A6-4922-8BB8-8430F84903BB}"
	ProjectSection(ProjectDependencies) = postProject
		{B257FF83-08DD-41F1-8F68-BBF5B5ABAC4A} = {B257FF83-08DD-41F1-8F68-BBF5B5ABAC4A}
		{D4D4F334-5982-41A1-BAC1-C6E5E044FBA3} = {D4D4F334-5982-41A1-BAC1-C6E5E044FBA3}
	EndProjectSection
EndProject
Project("{FAE04EC0-301F-11D3-BF4B-00C04F79EFBC}") = "DataLayer", "DataLayer\DataLayer.csproj", "{70AFA7C7-F964-45E1-9B3D-D8EACE347423}"
	ProjectSection(ProjectDependencies) = postProject
		{D4D4F334-5982-41A1-BAC1-C6E5E044FBA3} = {D4D4F334-5982-41A1-BAC1-C6E5E044FBA3}
	EndProjectSection
EndProject
Project("{FAE04EC0-301F-11D3-BF4B-00C04F79EFBC}") = "BusinessLayer", "BusinessLayer\BusinessLayer.csproj", "{B257FF83-08DD-41F1-8F68-BBF5B5ABAC4A}"
	ProjectSection(ProjectDependencies) = postProject
		{D4D4F334-5982-41A1-BAC1-C6E5E044FBA3} = {D4D4F334-5982-41A1-BAC1-C6E5E044FBA3}
	EndProjectSection
EndProject
Project("{FAE04EC0-301F-11D3-BF4B-00C04F79EFBC}") = "Domain", "Domain\Domain.csproj", "{D4D4F334-5982-41A1-BAC1-C6E5E044FBA3}"
EndProject
Global
	GlobalSection(SolutionConfigurationPlatforms) = preSolution
		Debug|Any CPU = Debug|Any CPU
		Release|Any CPU = Release|Any CPU
	EndGlobalSection
	GlobalSection(ProjectConfigurationPlatforms) = postSolution
		{3DCE16F9-02A6-4922-8BB8-8430F84903BB}.Debug|Any CPU.ActiveCfg = Debug|Any CPU
		{3DCE16F9-02A6-4922-8BB8-8430F84903BB}.Debug|Any CPU.Build.0 = Debug|Any CPU
		{3DCE16F9-02A6-4922-8BB8-8430F84903BB}.Release|Any CPU.ActiveCfg = Release|Any CPU
		{3DCE16F9-02A6-4922-8BB8-8430F84903BB}.Release|Any CPU.Build.0 = Release|Any CPU
		{70AFA7C7-F964-45E1-9B3D-D8EACE347423}.Debug|Any CPU.ActiveCfg = Debug|Any CPU
		{70AFA7C7-F964-45E1-9B3D-D8EACE347423}.Debug|Any CPU.Build.0 = Debug|Any CPU
		{70AFA7C7-F964-45E1-9B3D-D8EACE347423}.Release|Any CPU.ActiveCfg = Release|Any CPU
		{70AFA7C7-F964-45E1-9B3D-D8EACE347423}.Release|Any CPU.Build.0 = Release|Any CPU
		{B257FF83-08DD-41F1-8F68-BBF5B5ABAC4A}.Debug|Any CPU.ActiveCfg = Debug|Any CPU
		{B257FF83-08DD-41F1-8F68-BBF5B5ABAC4A}.Debug|Any CPU.Build.0 = Debug|Any CPU
		{B257FF83-08DD-41F1-8F68-BBF5B5ABAC4A}.Release|Any CPU.ActiveCfg = Release|Any CPU
		{B257FF83-08DD-41F1-8F68-BBF5B5ABAC4A}.Release|Any CPU.Build.0 = Release|Any CPU
		{D4D4F334-5982-41A1-BAC1-C6E5E044FBA3}.Debug|Any CPU.ActiveCfg = Debug|Any CPU
		{D4D4F334-5982-41A1-BAC1-C6E5E044FBA3}.Debug|Any CPU.Build.0 = Debug|Any CPU
		{D4D4F334-5982-41A1-BAC1-C6E5E044FBA3}.Release|Any CPU.ActiveCfg = Release|Any CPU
		{D4D4F334-5982-41A1-BAC1-C6E5E044FBA3}.Release|Any CPU.Build.0 = Release|Any CPU
	EndGlobalSection
	GlobalSection(SolutionProperties) = preSolution
		HideSolutionNode = FALSE
	EndGlobalSection
	GlobalSection(ExtensibilityGlobals) = postSolution
		SolutionGuid = {1BABA4E8-1200-429A-AA22-443218A23FA3}
	EndGlobalSection
EndGlobal
